
Microsoft Visual Studio Solution File, Format Version 12.00
# Visual Studio 15
Project("{FAE04EC0-301F-11D3-BF4B-00C04F79EFBC}") = "Assembly-CSharp", "Assembly-CSharp.csproj", "{90E07AA4-879E-888C-ED50-E26E566A5157}"
EndProject
Project("{FAE04EC0-301F-11D3-BF4B-00C04F79EFBC}") = "Assembly-CSharp-Editor", "Assembly-CSharp-Editor.csproj", "{7F762FF1-7E4B-8D42-4D6E-4FEE7F42E2A8}"
EndProject
Global
	GlobalSection(SolutionConfigurationPlatforms) = preSolution
		Debug|Any CPU = Debug|Any CPU
		Release|Any CPU = Release|Any CPU
	EndGlobalSection
	GlobalSection(ProjectConfigurationPlatforms) = postSolution
		{90E07AA4-879E-888C-ED50-E26E566A5157}.Debug|Any CPU.ActiveCfg = Debug|Any CPU
		{90E07AA4-879E-888C-ED50-E26E566A5157}.Debug|Any CPU.Build.0 = Debug|Any CPU
		{90E07AA4-879E-888C-ED50-E26E566A5157}.Release|Any CPU.ActiveCfg = Release|Any CPU
		{90E07AA4-879E-888C-ED50-E26E566A5157}.Release|Any CPU.Build.0 = Release|Any CPU
		{7F762FF1-7E4B-8D42-4D6E-4FEE7F42E2A8}.Debug|Any CPU.ActiveCfg = Debug|Any CPU
		{7F762FF1-7E4B-8D42-4D6E-4FEE7F42E2A8}.Debug|Any CPU.Build.0 = Debug|Any CPU
		{7F762FF1-7E4B-8D42-4D6E-4FEE7F42E2A8}.Release|Any CPU.ActiveCfg = Release|Any CPU
		{7F762FF1-7E4B-8D42-4D6E-4FEE7F42E2A8}.Release|Any CPU.Build.0 = Release|Any CPU
	EndGlobalSection
	GlobalSection(SolutionProperties) = preSolution
		HideSolutionNode = FALSE
	EndGlobalSection
EndGlobal
